// !$*UTF8*$!
{
	archiveVersion = 1;
	classes = {
	};
	objectVersion = 50;
	objects = {

/* Begin PBXBuildFile section */
		9F570BAF26317A620052AF1D /* AppDelegate.swift in Sources */ = {isa = PBXBuildFile; fileRef = 9F570BAE26317A620052AF1D /* AppDelegate.swift */; };
		9F570BB126317A620052AF1D /* SceneDelegate.swift in Sources */ = {isa = PBXBuildFile; fileRef = 9F570BB026317A620052AF1D /* SceneDelegate.swift */; };
		9F570BB326317A620052AF1D /* ViewController.swift in Sources */ = {isa = PBXBuildFile; fileRef = 9F570BB226317A620052AF1D /* ViewController.swift */; };
		9F570BB626317A620052AF1D /* Main.storyboard in Resources */ = {isa = PBXBuildFile; fileRef = 9F570BB426317A620052AF1D /* Main.storyboard */; };
		9F570BB826317A630052AF1D /* Assets.xcassets in Resources */ = {isa = PBXBuildFile; fileRef = 9F570BB726317A630052AF1D /* Assets.xcassets */; };
		9F570BBB26317A630052AF1D /* LaunchScreen.storyboard in Resources */ = {isa = PBXBuildFile; fileRef = 9F570BB926317A630052AF1D /* LaunchScreen.storyboard */; };
		9F570BC326317B180052AF1D /* AllTouchGestureRecognizer.swift in Sources */ = {isa = PBXBuildFile; fileRef = 9F570BC226317B180052AF1D /* AllTouchGestureRecognizer.swift */; };
/* End PBXBuildFile section */

/* Begin PBXFileReference section */
		9F570BAB26317A620052AF1D /* AllTouchGestureRecognizer.app */ = {isa = PBXFileReference; explicitFileType = wrapper.application; includeInIndex = 0; path = AllTouchGestureRecognizer.app; sourceTree = BUILT_PRODUCTS_DIR; };
		9F570BAE26317A620052AF1D /* AppDelegate.swift */ = {isa = PBXFileReference; lastKnownFileType = sourcecode.swift; path = AppDelegate.swift; sourceTree = "<group>"; };
		9F570BB026317A620052AF1D /* SceneDelegate.swift */ = {isa = PBXFileReference; lastKnownFileType = sourcecode.swift; path = SceneDelegate.swift; sourceTree = "<group>"; };
		9F570BB226317A620052AF1D /* ViewController.swift */ = {isa = PBXFileReference; lastKnownFileType = sourcecode.swift; path = ViewController.swift; sourceTree = "<group>"; };
		9F570BB526317A620052AF1D /* Base */ = {isa = PBXFileReference; lastKnownFileType = file.storyboard; name = Base; path = Base.lproj/Main.storyboard; sourceTree = "<group>"; };
		9F570BB726317A630052AF1D /* Assets.xcassets */ = {isa = PBXFileReference; lastKnownFileType = folder.assetcatalog; path = Assets.xcassets; sourceTree = "<group>"; };
		9F570BBA26317A630052AF1D /* Base */ = {isa = PBXFileReference; lastKnownFileType = file.storyboard; name = Base; path = Base.lproj/LaunchScreen.storyboard; sourceTree = "<group>"; };
		9F570BBC26317A630052AF1D /* Info.plist */ = {isa = PBXFileReference; lastKnownFileType = text.plist.xml; path = Info.plist; sourceTree = "<group>"; };
		9F570BC226317B180052AF1D /* AllTouchGestureRecognizer.swift */ = {isa = PBXFileReference; fileEncoding = 4; lastKnownFileType = sourcecode.swift; path = AllTouchGestureRecognizer.swift; sourceTree = "<group>"; };
/* End PBXFileReference section */

/* Begin PBXFrameworksBuildPhase section */
		9F570BA826317A620052AF1D /* Frameworks */ = {
			isa = PBXFrameworksBuildPhase;
			buildActionMask = 2147483647;
			files = (
			);
			runOnlyForDeploymentPostprocessing = 0;
		};
/* End PBXFrameworksBuildPhase section */

/* Begin PBXGroup section */
		9F570BA226317A620052AF1D = {
			isa = PBXGroup;
			children = (
				9F570BAD26317A620052AF1D /* AllTouchGestureRecognizer */,
				9F570BAC26317A620052AF1D /* Products */,
			);
			sourceTree = "<group>";
		};
		9F570BAC26317A620052AF1D /* Products */ = {
			isa = PBXGroup;
			children = (
				9F570BAB26317A620052AF1D /* AllTouchGestureRecognizer.app */,
			);
			name = Products;
			sourceTree = "<group>";
		};
		9F570BAD26317A620052AF1D /* AllTouchGestureRecognizer */ = {
			isa = PBXGroup;
			children = (
				9F570BB426317A620052AF1D /* Main.storyboard */,
				9F570BB226317A620052AF1D /* ViewController.swift */,
				9F570BC226317B180052AF1D /* AllTouchGestureRecognizer.swift */,
				9F570BC526317B9A0052AF1D /* Default */,
			);
			path = AllTouchGestureRecognizer;
			sourceTree = "<group>";
		};
		9F570BC526317B9A0052AF1D /* Default */ = {
			isa = PBXGroup;
			children = (
				9F570BAE26317A620052AF1D /* AppDelegate.swift */,
				9F570BB026317A620052AF1D /* SceneDelegate.swift */,
				9F570BB726317A630052AF1D /* Assets.xcassets */,
				9F570BB926317A630052AF1D /* LaunchScreen.storyboard */,
				9F570BBC26317A630052AF1D /* Info.plist */,
			);
			path = Default;
			sourceTree = "<group>";
		};
/* End PBXGroup section */

/* Begin PBXNativeTarget section */
		9F570BAA26317A620052AF1D /* AllTouchGestureRecognizer */ = {
			isa = PBXNativeTarget;
			buildConfigurationList = 9F570BBF26317A630052AF1D /* Build configuration list for PBXNativeTarget "AllTouchGestureRecognizer" */;
			buildPhases = (
				9F570BA726317A620052AF1D /* Sources */,
				9F570BA826317A620052AF1D /* Frameworks */,
				9F570BA926317A620052AF1D /* Resources */,
			);
			buildRules = (
			);
			dependencies = (
			);
			name = AllTouchGestureRecognizer;
			productName = AllTouchGestureRecognizer;
			productReference = 9F570BAB26317A620052AF1D /* AllTouchGestureRecognizer.app */;
			productType = "com.apple.product-type.application";
		};
/* End PBXNativeTarget section */

/* Begin PBXProject section */
		9F570BA326317A620052AF1D /* Project object */ = {
			isa = PBXProject;
			attributes = {
				LastSwiftUpdateCheck = 1250;
				LastUpgradeCheck = 1250;
				TargetAttributes = {
					9F570BAA26317A620052AF1D = {
						CreatedOnToolsVersion = 12.5;
					};
				};
			};
			buildConfigurationList = 9F570BA626317A620052AF1D /* Build configuration list for PBXProject "AllTouchGestureRecognizer" */;
			compatibilityVersion = "Xcode 9.3";
			developmentRegion = en;
			hasScannedForEncodings = 0;
			knownRegions = (
				en,
				Base,
			);
			mainGroup = 9F570BA226317A620052AF1D;
			productRefGroup = 9F570BAC26317A620052AF1D /* Products */;
			projectDirPath = "";
			projectRoot = "";
			targets = (
				9F570BAA26317A620052AF1D /* AllTouchGestureRecognizer */,
			);
		};
/* End PBXProject section */

/* Begin PBXResourcesBuildPhase section */
		9F570BA926317A620052AF1D /* Resources */ = {
			isa = PBXResourcesBuildPhase;
			buildActionMask = 2147483647;
			files = (
				9F570BBB26317A630052AF1D /* LaunchScreen.storyboard in Resources */,
				9F570BB826317A630052AF1D /* Assets.xcassets in Resources */,
				9F570BB626317A620052AF1D /* Main.storyboard in Resources */,
			);
			runOnlyForDeploymentPostprocessing = 0;
		};
/* End PBXResourcesBuildPhase section */

/* Begin PBXSourcesBuildPhase section */
		9F570BA726317A620052AF1D /* Sources */ = {
			isa = PBXSourcesBuildPhase;
			buildActionMask = 2147483647;
			files = (
				9F570BB326317A620052AF1D /* ViewController.swift in Sources */,
				9F570BC326317B180052AF1D /* AllTouchGestureRecognizer.swift in Sources */,
				9F570BAF26317A620052AF1D /* AppDelegate.swift in Sources */,
				9F570BB126317A620052AF1D /* SceneDelegate.swift in Sources */,
			);
			runOnlyForDeploymentPostprocessing = 0;
		};
/* End PBXSourcesBuildPhase section */

/* Begin PBXVariantGroup section */
		9F570BB426317A620052AF1D /* Main.storyboard */ = {
			isa = PBXVariantGroup;
			children = (
				9F570BB526317A620052AF1D /* Base */,
			);
			name = Main.storyboard;
			sourceTree = "<group>";
		};
		9F570BB926317A630052AF1D /* LaunchScreen.storyboard */ = {
			isa = PBXVariantGroup;
			children = (
				9F570BBA26317A630052AF1D /* Base */,
			);
			name = LaunchScreen.storyboard;
			sourceTree = "<group>";
		};
/* End PBXVariantGroup section */

/* Begin XCBuildConfiguration section */
		9F570BBD26317A630052AF1D /* Debug */ = {
			isa = XCBuildConfiguration;
			buildSettings = {
				ALWAYS_SEARCH_USER_PATHS = NO;
				CLANG_ANALYZER_NONNULL = YES;
				CLANG_ANALYZER_NUMBER_OBJECT_CONVERSION = YES_AGGRESSIVE;
				CLANG_CXX_LANGUAGE_STANDARD = "gnu++14";
				CLANG_CXX_LIBRARY = "libc++";
				CLANG_ENABLE_MODULES = YES;
				CLANG_ENABLE_OBJC_ARC = YES;
				CLANG_ENABLE_OBJC_WEAK = YES;
				CLANG_WARN_BLOCK_CAPTURE_AUTORELEASING = YES;
				CLANG_WARN_BOOL_CONVERSION = YES;
				CLANG_WARN_COMMA = YES;
				CLANG_WARN_CONSTANT_CONVERSION = YES;
				CLANG_WARN_DEPRECATED_OBJC_IMPLEMENTATIONS = YES;
				CLANG_WARN_DIRECT_OBJC_ISA_USAGE = YES_ERROR;
				CLANG_WARN_DOCUMENTATION_COMMENTS = YES;
				CLANG_WARN_EMPTY_BODY = YES;
				CLANG_WARN_ENUM_CONVERSION = YES;
				CLANG_WARN_INFINITE_RECURSION = YES;
				CLANG_WARN_INT_CONVERSION = YES;
				CLANG_WARN_NON_LITERAL_NULL_CONVERSION = YES;
				CLANG_WARN_OBJC_IMPLICIT_RETAIN_SELF = YES;
				CLANG_WARN_OBJC_LITERAL_CONVERSION = YES;
				CLANG_WARN_OBJC_ROOT_CLASS = YES_ERROR;
				CLANG_WARN_QUOTED_INCLUDE_IN_FRAMEWORK_HEADER = YES;
				CLANG_WARN_RANGE_LOOP_ANALYSIS = YES;
				CLANG_WARN_STRICT_PROTOTYPES = YES;
				CLANG_WARN_SUSPICIOUS_MOVE = YES;
				CLANG_WARN_UNGUARDED_AVAILABILITY = YES_AGGRESSIVE;
				CLANG_WARN_UNREACHABLE_CODE = YES;
				CLANG_WARN__DUPLICATE_METHOD_MATCH = YES;
				COPY_PHASE_STRIP = NO;
				DEBUG_INFORMATION_FORMAT = dwarf;
				ENABLE_STRICT_OBJC_MSGSEND = YES;
				ENABLE_TESTABILITY = YES;
				GCC_C_LANGUAGE_STANDARD = gnu11;
				GCC_DYNAMIC_NO_PIC = NO;
				GCC_NO_COMMON_BLOCKS = YES;
				GCC_OPTIMIZATION_LEVEL = 0;
				GCC_PREPROCESSOR_DEFINITIONS = (
					"DEBUG=1",
					"$(inherited)",
				);
				GCC_WARN_64_TO_32_BIT_CONVERSION = YES;
				GCC_WARN_ABOUT_RETURN_TYPE = YES_ERROR;
				GCC_WARN_UNDECLARED_SELECTOR = YES;
				GCC_WARN_UNINITIALIZED_AUTOS = YES_AGGRESSIVE;
				GCC_WARN_UNUSED_FUNCTION = YES;
				GCC_WARN_UNUSED_VARIABLE = YES;
				IPHONEOS_DEPLOYMENT_TARGET = 14.5;
				MTL_ENABLE_DEBUG_INFO = INCLUDE_SOURCE;
				MTL_FAST_MATH = YES;
				ONLY_ACTIVE_ARCH = YES;
				SDKROOT = iphoneos;
				SWIFT_ACTIVE_COMPILATION_CONDITIONS = DEBUG;
				SWIFT_OPTIMIZATION_LEVEL = "-Onone";
			};
			name = Debug;
		};
		9F570BBE26317A630052AF1D /* Release */ = {
			isa = XCBuildConfiguration;
			buildSettings = {
				ALWAYS_SEARCH_USER_PATHS = NO;
				CLANG_ANALYZER_NONNULL = YES;
				CLANG_ANALYZER_NUMBER_OBJECT_CONVERSION = YES_AGGRESSIVE;
				CLANG_CXX_LANGUAGE_STANDARD = "gnu++14";
				CLANG_CXX_LIBRARY = "libc++";
				CLANG_ENABLE_MODULES = YES;
				CLANG_ENABLE_OBJC_ARC = YES;
				CLANG_ENABLE_OBJC_WEAK = YES;
				CLANG_WARN_BLOCK_CAPTURE_AUTORELEASING = YES;
				CLANG_WARN_BOOL_CONVERSION = YES;
				CLANG_WARN_COMMA = YES;
				CLANG_WARN_CONSTANT_CONVERSION = YES;
				CLANG_WARN_DEPRECATED_OBJC_IMPLEMENTATIONS = YES;
				CLANG_WARN_DIRECT_OBJC_ISA_USAGE = YES_ERROR;
				CLANG_WARN_DOCUMENTATION_COMMENTS = YES;
				CLANG_WARN_EMPTY_BODY = YES;
				CLANG_WARN_ENUM_CONVERSION = YES;
				CLANG_WARN_INFINITE_RECURSION = YES;
				CLANG_WARN_INT_CONVERSION = YES;
				CLANG_WARN_NON_LITERAL_NULL_CONVERSION = YES;
				CLANG_WARN_OBJC_IMPLICIT_RETAIN_SELF = YES;
				CLANG_WARN_OBJC_LITERAL_CONVERSION = YES;
				CLANG_WARN_OBJC_ROOT_CLASS = YES_ERROR;
				CLANG_WARN_QUOTED_INCLUDE_IN_FRAMEWORK_HEADER = YES;
				CLANG_WARN_RANGE_LOOP_ANALYSIS = YES;
				CLANG_WARN_STRICT_PROTOTYPES = YES;
				CLANG_WARN_SUSPICIOUS_MOVE = YES;
				CLANG_WARN_UNGUARDED_AVAILABILITY = YES_AGGRESSIVE;
				CLANG_WARN_UNREACHABLE_CODE = YES;
				CLANG_WARN__DUPLICATE_METHOD_MATCH = YES;
				COPY_PHASE_STRIP = NO;
				DEBUG_INFORMATION_FORMAT = "dwarf-with-dsym";
				ENABLE_NS_ASSERTIONS = NO;
				ENABLE_STRICT_OBJC_MSGSEND = YES;
				GCC_C_LANGUAGE_STANDARD = gnu11;
				GCC_NO_COMMON_BLOCKS = YES;
				GCC_WARN_64_TO_32_BIT_CONVERSION = YES;
				GCC_WARN_ABOUT_RETURN_TYPE = YES_ERROR;
				GCC_WARN_UNDECLARED_SELECTOR = YES;
				GCC_WARN_UNINITIALIZED_AUTOS = YES_AGGRESSIVE;
				GCC_WARN_UNUSED_FUNCTION = YES;
				GCC_WARN_UNUSED_VARIABLE = YES;
				IPHONEOS_DEPLOYMENT_TARGET = 14.5;
				MTL_ENABLE_DEBUG_INFO = NO;
				MTL_FAST_MATH = YES;
				SDKROOT = iphoneos;
				SWIFT_COMPILATION_MODE = wholemodule;
				SWIFT_OPTIMIZATION_LEVEL = "-O";
				VALIDATE_PRODUCT = YES;
			};
			name = Release;
		};
		9F570BC026317A630052AF1D /* Debug */ = {
			isa = XCBuildConfiguration;
			buildSettings = {
				ASSETCATALOG_COMPILER_APPICON_NAME = AppIcon;
				ASSETCATALOG_COMPILER_GLOBAL_ACCENT_COLOR_NAME = AccentColor;
				CODE_SIGN_STYLE = Automatic;
				DEVELOPMENT_TEAM = 9K33E3U3T4;
				INFOPLIST_FILE = AllTouchGestureRecognizer/Default/Info.plist;
				IPHONEOS_DEPLOYMENT_TARGET = 14.1;
				LD_RUNPATH_SEARCH_PATHS = (
					"$(inherited)",
					"@executable_path/Frameworks",
				);
				PRODUCT_BUNDLE_IDENTIFIER = net.shinyfrog.AllTouchGestureRecognizer;
				PRODUCT_NAME = "$(TARGET_NAME)";
				SWIFT_VERSION = 5.0;
				TARGETED_DEVICE_FAMILY = "1,2";
			};
			name = Debug;
		};
		9F570BC126317A630052AF1D /* Release */ = {
			isa = XCBuildConfiguration;
			buildSettings = {
				ASSETCATALOG_COMPILER_APPICON_NAME = AppIcon;
				ASSETCATALOG_COMPILER_GLOBAL_ACCENT_COLOR_NAME = AccentColor;
				CODE_SIGN_STYLE = Automatic;
				DEVELOPMENT_TEAM = 9K33E3U3T4;
				INFOPLIST_FILE = AllTouchGestureRecognizer/Default/Info.plist;
				IPHONEOS_DEPLOYMENT_TARGET = 14.1;
				LD_RUNPATH_SEARCH_PATHS = (
					"$(inherited)",
					"@executable_path/Frameworks",
				);
				PRODUCT_BUNDLE_IDENTIFIER = net.shinyfrog.AllTouchGestureRecognizer;
				PRODUCT_NAME = "$(TARGET_NAME)";
				SWIFT_VERSION = 5.0;
				TARGETED_DEVICE_FAMILY = "1,2";
			};
			name = Release;
		};
/* End XCBuildConfiguration section */

/* Begin XCConfigurationList section */
		9F570BA626317A620052AF1D /* Build configuration list for PBXProject "AllTouchGestureRecognizer" */ = {
			isa = XCConfigurationList;
			buildConfigurations = (
				9F570BBD26317A630052AF1D /* Debug */,
				9F570BBE26317A630052AF1D /* Release */,
			);
			defaultConfigurationIsVisible = 0;
			defaultConfigurationName = Release;
		};
		9F570BBF26317A630052AF1D /* Build configuration list for PBXNativeTarget "AllTouchGestureRecognizer" */ = {
			isa = XCConfigurationList;
			buildConfigurations = (
				9F570BC026317A630052AF1D /* Debug */,
				9F570BC126317A630052AF1D /* Release */,
			);
			defaultConfigurationIsVisible = 0;
			defaultConfigurationName = Release;
		};
/* End XCConfigurationList section */
	};
	rootObject = 9F570BA326317A620052AF1D /* Project object */;
}
